<?xml version="1.0" encoding="utf-8"?>
<Project ToolsVersion="4.0" xmlns="http://schemas.microsoft.com/developer/msbuild/2003">
  <ItemGroup>
    <Filter Include="98.Default">
      <UniqueIdentifier>{505dbb78-4965-42ce-a1a1-9532b52bcf92}</UniqueIdentifier>
    </Filter>
    <Filter Include="00.MainApp">
      <UniqueIdentifier>{d9fd2301-2adc-4297-8e67-639f847fb590}</UniqueIdentifier>
    </Filter>
    <Filter Include="99.Defines">
      <UniqueIdentifier>{ac9086de-94de-4822-ae8c-26dec28c70c7}</UniqueIdentifier>
    </Filter>
    <Filter Include="01.Levels">
      <UniqueIdentifier>{789d874f-ce49-4332-82c7-3805cb5b9080}</UniqueIdentifier>
    </Filter>
    <Filter Include="02.GameObjects">
      <UniqueIdentifier>{3531814c-4b42-451a-9044-33e6ba5a8eab}</UniqueIdentifier>
    </Filter>
    <Filter Include="01.Levels\00.Loading">
      <UniqueIdentifier>{703e1f72-f965-4a5f-bc75-02795441baec}</UniqueIdentifier>
    </Filter>
    <Filter Include="01.Levels\01.Logo">
      <UniqueIdentifier>{d01c3f2b-2df6-4ab5-a228-50b69330939c}</UniqueIdentifier>
    </Filter>
    <Filter Include="01.Levels\02.GamePlay">
      <UniqueIdentifier>{0d2a1e61-f8a8-4688-bc84-0b1f67902fc9}</UniqueIdentifier>
    </Filter>
    <Filter Include="01.Levels\00.Loading\Loader">
      <UniqueIdentifier>{db88da8f-913a-4f03-b3b7-a148128660ca}</UniqueIdentifier>
    </Filter>
    <Filter Include="97.ShaderFiles">
      <UniqueIdentifier>{84640545-3351-4721-a11c-de1b2a88ed44}</UniqueIdentifier>
    </Filter>
    <Filter Include="02.GameObjects\BackGround">
      <UniqueIdentifier>{3cb37fbb-5a48-442b-857d-c8d7bd9d9f34}</UniqueIdentifier>
    </Filter>
    <Filter Include="02.GameObjects\Camera">
      <UniqueIdentifier>{753f5023-0e15-42c5-950a-9aefad3b0ead}</UniqueIdentifier>
    </Filter>
    <Filter Include="96. ImGuiMgr">
      <UniqueIdentifier>{4a0d1451-92c6-463a-989c-9b1efbd9fecf}</UniqueIdentifier>
    </Filter>
    <Filter Include="96. ImGuiMgr\ImGui">
      <UniqueIdentifier>{79cc2b69-73ba-4ccb-b511-f3099c9cdcc4}</UniqueIdentifier>
    </Filter>
    <Filter Include="02.GameObjects\03. UI">
      <UniqueIdentifier>{d4f712c7-8dfa-4608-b6b4-4c335c323909}</UniqueIdentifier>
    </Filter>
    <Filter Include="01.Levels\99. Level_Client">
      <UniqueIdentifier>{676f6811-f55b-48db-8a2a-f0acf832a22b}</UniqueIdentifier>
    </Filter>
    <Filter Include="02.GameObjects\01. Obj">
      <UniqueIdentifier>{cd57ac22-1399-486e-b9e1-8b980ce2464d}</UniqueIdentifier>
    </Filter>
    <Filter Include="96. ImGuiMgr\Tool">
      <UniqueIdentifier>{5511d190-07e1-4196-b756-100961b89f1f}</UniqueIdentifier>
    </Filter>
    <Filter Include="96. ImGuiMgr\Tool\Obj_Tool">
      <UniqueIdentifier>{90cefc91-9288-4a7b-a16d-0af08c8fa210}</UniqueIdentifier>
    </Filter>
    <Filter Include="96. ImGuiMgr\Tool\UI_Tool">
      <UniqueIdentifier>{bb3a2402-f96f-443d-ab04-4cc568fbd6c9}</UniqueIdentifier>
    </Filter>
    <Filter Include="96. ImGuiMgr\Tool\Terrain_Tool">
      <UniqueIdentifier>{46407745-981f-4907-bee6-62a2428f9d3d}</UniqueIdentifier>
    </Filter>
    <Filter Include="96. ImGuiMgr\Tool\Anim_Tool">
      <UniqueIdentifier>{0bd61c33-85bc-4e15-be27-037bf80ecd6c}</UniqueIdentifier>
    </Filter>
    <Filter Include="02.GameObjects\Camera\Camera_Free">
      <UniqueIdentifier>{18d5f666-ff7a-4bfd-ac97-b0b0f8fa7da6}</UniqueIdentifier>
    </Filter>
    <Filter Include="02.GameObjects\Camera\Camera_Player">
      <UniqueIdentifier>{9424e8d9-5620-47a9-863e-4c082be9da0a}</UniqueIdentifier>
    </Filter>
    <Filter Include="02.GameObjects\00. Player">
      <UniqueIdentifier>{f81f2302-3ae8-49c4-99b4-5701288b2683}</UniqueIdentifier>
    </Filter>
    <Filter Include="02.GameObjects\04. Weapon">
      <UniqueIdentifier>{f01eb01f-f851-4815-a4ca-651ae820c05e}</UniqueIdentifier>
    </Filter>
    <Filter Include="02.GameObjects\01. Obj\NonAnim_Obj">
      <UniqueIdentifier>{2daa6266-1bb2-43f2-a089-00f96e3a3a2a}</UniqueIdentifier>
    </Filter>
    <Filter Include="02.GameObjects\01. Obj\Anim_Obj">
      <UniqueIdentifier>{e3a1247f-e02f-4076-914e-7706c7e97edc}</UniqueIdentifier>
    </Filter>
    <Filter Include="95. Manager">
      <UniqueIdentifier>{7f02059b-f849-4281-b2c1-b4cbd59f652f}</UniqueIdentifier>
    </Filter>
    <Filter Include="95. Manager\Release">
      <UniqueIdentifier>{aaaabf17-d0c3-436f-aab5-fe03c23c2583}</UniqueIdentifier>
    </Filter>
    <Filter Include="95. Manager\Terrain">
      <UniqueIdentifier>{2ea8f211-0860-4d45-86a1-0eaf52e51aad}</UniqueIdentifier>
    </Filter>
    <Filter Include="96. ImGuiMgr\Tool\Texture_Tool">
      <UniqueIdentifier>{9bf2306d-ea80-428f-8811-72b99828ef89}</UniqueIdentifier>
    </Filter>
    <Filter Include="02.GameObjects\05. Monster">
      <UniqueIdentifier>{48b9ac98-5754-483c-866d-5c9c6265633b}</UniqueIdentifier>
    </Filter>
    <Filter Include="02.GameObjects\05. Monster\Magician">
      <UniqueIdentifier>{23791d6d-67dd-44db-9c65-42487fac2958}</UniqueIdentifier>
    </Filter>
    <Filter Include="02.GameObjects\04. Weapon\00. Player">
      <UniqueIdentifier>{0c4af79c-8dfb-45e4-a74b-d8b0350b38ef}</UniqueIdentifier>
    </Filter>
    <Filter Include="02.GameObjects\04. Weapon\00. Player\00. Saber">
      <UniqueIdentifier>{69248320-b569-4421-afef-368f06c865ee}</UniqueIdentifier>
    </Filter>
    <Filter Include="02.GameObjects\04. Weapon\00. Player\01. Dagger">
      <UniqueIdentifier>{bcab4aab-a5df-49e7-b0fb-ccc5b1fdb3c5}</UniqueIdentifier>
    </Filter>
    <Filter Include="02.GameObjects\04. Weapon\01. Magician">
      <UniqueIdentifier>{e8d23d03-4b91-44ed-8ed3-69ed53418542}</UniqueIdentifier>
    </Filter>
    <Filter Include="02.GameObjects\04. Weapon\01. Magician\00. Cane">
      <UniqueIdentifier>{f3e104d0-82ac-46a3-82c5-3dcdf262db00}</UniqueIdentifier>
    </Filter>
    <Filter Include="02.GameObjects\04. Weapon\01. Magician\01. Cane_Sword">
      <UniqueIdentifier>{ef38344a-9d5d-4c5d-bd90-4412a053b57e}</UniqueIdentifier>
    </Filter>
    <Filter Include="02.GameObjects\04. Weapon\01. Magician\02. Card">
      <UniqueIdentifier>{3dd25aa8-dd88-4398-8aa9-a2c634e05563}</UniqueIdentifier>
    </Filter>
    <Filter Include="02.GameObjects\04. Weapon\00. Player\02. SkillWeapon">
      <UniqueIdentifier>{cab8f7b5-7e31-4aac-a0be-8af35c95b1bb}</UniqueIdentifier>
    </Filter>
    <Filter Include="02.GameObjects\04. Weapon\00. Player\02. SkillWeapon\00. Axe">
      <UniqueIdentifier>{0c8d697a-03f9-41b9-a5f9-38aa9cd959ee}</UniqueIdentifier>
    </Filter>
    <Filter Include="02.GameObjects\04. Weapon\00. Player\02. SkillWeapon\01. Knife">
      <UniqueIdentifier>{444ad516-0816-4bf6-91ba-c169db54aa7f}</UniqueIdentifier>
    </Filter>
    <Filter Include="95. Manager\Camera">
      <UniqueIdentifier>{f5f98415-dbfc-43d8-a739-8a6eda4e8e2f}</UniqueIdentifier>
    </Filter>
    <Filter Include="02.GameObjects\00. Player\Dummy">
      <UniqueIdentifier>{979d9cf4-44d0-408b-97c7-ff0b1607b831}</UniqueIdentifier>
    </Filter>
    <Filter Include="02.GameObjects\03. UI\HP_Bar">
      <UniqueIdentifier>{044039be-f0f9-4d3b-bd3d-f2bc9ffcdf92}</UniqueIdentifier>
    </Filter>
    <Filter Include="02.GameObjects\03. UI\Mgr">
      <UniqueIdentifier>{4c1006ad-12b4-4c67-9c52-8259d1dfd34d}</UniqueIdentifier>
    </Filter>
    <Filter Include="03. Component">
      <UniqueIdentifier>{e743b84d-08a3-43ef-acb4-75c8f319d09f}</UniqueIdentifier>
    </Filter>
    <Filter Include="03. Component\03. VIBuffer">
      <UniqueIdentifier>{40077470-3edb-48f2-b178-a74afdb0acd5}</UniqueIdentifier>
    </Filter>
    <Filter Include="03. Component\03. VIBuffer\Trail">
      <UniqueIdentifier>{cacef744-cc97-48c0-ada0-134d6f69a5fb}</UniqueIdentifier>
    </Filter>
    <Filter Include="03. Component\01. Status">
      <UniqueIdentifier>{d2122dc9-701a-46e4-a4a1-1659203e5323}</UniqueIdentifier>
    </Filter>
    <Filter Include="96. ImGuiMgr\Tool\Navigation_Tool">
      <UniqueIdentifier>{c4f66d29-773a-42f5-8eda-3a2a47a12785}</UniqueIdentifier>
    </Filter>
    <Filter Include="02.GameObjects\BackGround\Sky">
      <UniqueIdentifier>{e21b752e-c6c1-4ccf-9a9b-af2e7e61c49b}</UniqueIdentifier>
    </Filter>
    <Filter Include="01.Levels\03.Stage_02">
      <UniqueIdentifier>{77ebe287-4f29-4d25-8507-ec5c56b0102a}</UniqueIdentifier>
    </Filter>
    <Filter Include="02.GameObjects\Map">
      <UniqueIdentifier>{03ccf96d-31bb-4016-9cd9-f57dd8bc1c71}</UniqueIdentifier>
    </Filter>
    <Filter Include="02.GameObjects\Map\Terrain">
      <UniqueIdentifier>{7cbdf00b-05f3-4112-a0c9-09e6a54c4fa7}</UniqueIdentifier>
    </Filter>
    <Filter Include="02.GameObjects\Map\Last_Stage">
      <UniqueIdentifier>{b665dcce-3c33-4604-b19f-efb1a397940f}</UniqueIdentifier>
    </Filter>
    <Filter Include="02.GameObjects\Map\Lobby">
      <UniqueIdentifier>{06316191-f2b3-4f63-84c8-9466fdc59e35}</UniqueIdentifier>
    </Filter>
    <Filter Include="02.GameObjects\Map\Stage_02">
      <UniqueIdentifier>{0b18de0b-67d1-4194-931a-bec9cc8061ef}</UniqueIdentifier>
    </Filter>
    <Filter Include="02.GameObjects\Map\Stage_01">
      <UniqueIdentifier>{64654a03-0acf-458b-a2b3-0cfad57402e3}</UniqueIdentifier>
    </Filter>
    <Filter Include="02.GameObjects\06. Map_Obj">
      <UniqueIdentifier>{f12bc5bb-ed31-4e16-9204-196ddd2c8af5}</UniqueIdentifier>
    </Filter>
    <Filter Include="01.Levels\05. Stage_Lobby">
      <UniqueIdentifier>{d32e500e-701c-4dae-8757-b0462b2af813}</UniqueIdentifier>
    </Filter>
    <Filter Include="01.Levels\04. Stage_Last">
      <UniqueIdentifier>{c6012804-ec5d-420f-8e5b-83f18ac28ec3}</UniqueIdentifier>
    </Filter>
    <Filter Include="02.GameObjects\05. Monster\Bat">
      <UniqueIdentifier>{28ca989f-433c-4241-ab7b-08493644137c}</UniqueIdentifier>
    </Filter>
    <Filter Include="02.GameObjects\05. Monster\Extra">
      <UniqueIdentifier>{947c455f-a3c1-45de-aa7c-98ad6bbede26}</UniqueIdentifier>
    </Filter>
    <Filter Include="01.Levels\03.Stage_02\Stage_02_01">
      <UniqueIdentifier>{511dec31-f2bb-414c-a097-d93a9cb2dfe2}</UniqueIdentifier>
    </Filter>
    <Filter Include="02.GameObjects\03. UI\Targeting">
      <UniqueIdentifier>{2bd1aa10-47b0-41c6-982d-03f0d6aaca5c}</UniqueIdentifier>
    </Filter>
    <Filter Include="02.GameObjects\Map\Stage_02\Stage_02_1">
      <UniqueIdentifier>{236e3520-fa14-45d2-8bcc-e8b61b3e248d}</UniqueIdentifier>
    </Filter>
    <Filter Include="02.GameObjects\05. Monster\Extra\Extra01">
      <UniqueIdentifier>{94063005-27ec-4d29-a200-77550a44a563}</UniqueIdentifier>
    </Filter>
    <Filter Include="02.GameObjects\05. Monster\Extra\Extra02">
      <UniqueIdentifier>{d5182fcf-ade3-4dd1-b9fb-1465d07563e5}</UniqueIdentifier>
    </Filter>
    <Filter Include="02.GameObjects\05. Monster\Extra\ExtraWeapon">
      <UniqueIdentifier>{f32d26e3-c853-4aa7-bf09-bc53ff4d4568}</UniqueIdentifier>
    </Filter>
    <Filter Include="02.GameObjects\03. UI\HP_Bar\UI_PlayerHpBar">
      <UniqueIdentifier>{3916198e-8947-40e3-8608-385492e872ba}</UniqueIdentifier>
    </Filter>
    <Filter Include="02.GameObjects\03. UI\HP_Bar\UI_MonsterHpBar">
      <UniqueIdentifier>{cc57fab3-b199-4216-9295-3443aa737c2a}</UniqueIdentifier>
    </Filter>
    <Filter Include="01.Levels\04. Stage_Last\Test">
      <UniqueIdentifier>{889f19f2-db93-4547-a5e3-0f83b94d3811}</UniqueIdentifier>
    </Filter>
    <Filter Include="02.GameObjects\05. Monster\Puppet">
      <UniqueIdentifier>{e2bd935f-66ba-437d-a33f-0b0e75548e6d}</UniqueIdentifier>
    </Filter>
    <Filter Include="02.GameObjects\Camera\Camera_CutScene">
      <UniqueIdentifier>{c0bc3b66-ff56-4495-be81-f0b62d156c89}</UniqueIdentifier>
    </Filter>
    <Filter Include="01.Levels\00.Loading\LoadingBack">
      <UniqueIdentifier>{4c352efe-8409-48ad-b519-57f102180fd5}</UniqueIdentifier>
    </Filter>
    <Filter Include="02.GameObjects\Map\Stage_02\Stage_02_1\StageMgr">
      <UniqueIdentifier>{5a298e5d-b26b-4c53-a307-3ad57dca85b7}</UniqueIdentifier>
    </Filter>
    <Filter Include="02.GameObjects\Camera\Camera_CutScene\Enter">
      <UniqueIdentifier>{78d6123f-cc72-4de7-9357-f4cea04a4802}</UniqueIdentifier>
    </Filter>
    <Filter Include="02.GameObjects\Camera\Camera_CutScene\End">
      <UniqueIdentifier>{f9af557a-cf95-4f1f-9fe0-9fa704b6b4fc}</UniqueIdentifier>
    </Filter>
    <Filter Include="02.GameObjects\06. Map_Obj\StreetLight">
      <UniqueIdentifier>{a88b23af-ba78-4f0d-aad9-f5a27d4ce9c8}</UniqueIdentifier>
    </Filter>
    <Filter Include="02.GameObjects\06. Map_Obj\StreetLight\Lamp">
      <UniqueIdentifier>{0346bcda-a8c5-409d-925a-6b3df625c83a}</UniqueIdentifier>
    </Filter>
    <Filter Include="02.GameObjects\05. Monster\Extra\Extra01\Stage_2-1">
      <UniqueIdentifier>{83ba1027-a048-4c46-a9fb-b7dcd5ae6f3b}</UniqueIdentifier>
    </Filter>
    <Filter Include="02.GameObjects\05. Monster\Extra\Extra01\Stage_Last">
      <UniqueIdentifier>{54a1c42c-066b-45ad-b2f2-9d571d05a5d2}</UniqueIdentifier>
    </Filter>
    <Filter Include="02.GameObjects\05. Monster\Extra\Extra02\Stage_2-1">
      <UniqueIdentifier>{e3d997d8-04e5-4bb4-b9c4-02d6495c8a4c}</UniqueIdentifier>
    </Filter>
    <Filter Include="02.GameObjects\05. Monster\Extra\Extra02\Stage_Last">
      <UniqueIdentifier>{a93a19cd-0978-4ec1-bd00-717ef64dd4c5}</UniqueIdentifier>
    </Filter>
  </ItemGroup>
  <ItemGroup>
    <Text Include="ReadMe.txt" />
  </ItemGroup>
  <ItemGroup>
    <ClInclude Include="Client.h">
      <Filter>98.Default</Filter>
    </ClInclude>
    <ClInclude Include="Resource.h">
      <Filter>98.Default</Filter>
    </ClInclude>
    <ClInclude Include="stdafx.h">
      <Filter>98.Default</Filter>
    </ClInclude>
    <ClInclude Include="targetver.h">
      <Filter>98.Default</Filter>
    </ClInclude>
    <ClInclude Include="..\Public\MainApp.h">
      <Filter>00.MainApp</Filter>
    </ClInclude>
    <ClInclude Include="..\Public\Client_Defines.h">
      <Filter>99.Defines</Filter>
    </ClInclude>
    <ClInclude Include="..\Public\Level_GamePlay.h">
      <Filter>01.Levels\02.GamePlay</Filter>
    </ClInclude>
    <ClInclude Include="..\Public\Level_Loading.h">
      <Filter>01.Levels\00.Loading</Filter>
    </ClInclude>
    <ClInclude Include="..\Public\Level_Logo.h">
      <Filter>01.Levels\01.Logo</Filter>
    </ClInclude>
    <ClInclude Include="..\Public\Loader.h">
      <Filter>01.Levels\00.Loading\Loader</Filter>
    </ClInclude>
    <ClInclude Include="..\public\BackGround.h">
      <Filter>02.GameObjects\BackGround</Filter>
    </ClInclude>
    <ClInclude Include="..\Public\Terrain.h">
      <Filter>02.GameObjects\Map\Terrain</Filter>
    </ClInclude>
    <ClInclude Include="..\Public\ImGuiMgr.h">
      <Filter>96. ImGuiMgr</Filter>
    </ClInclude>
    <ClInclude Include="..\public\UI_Plus.h">
      <Filter>02.GameObjects\03. UI</Filter>
    </ClInclude>
    <ClInclude Include="..\Public\Level_Client.h">
      <Filter>01.Levels\99. Level_Client</Filter>
    </ClInclude>
    <ClInclude Include="..\ImGui\imconfig.h">
      <Filter>96. ImGuiMgr\ImGui</Filter>
    </ClInclude>
    <ClInclude Include="..\ImGui\imgui.h">
      <Filter>96. ImGuiMgr\ImGui</Filter>
    </ClInclude>
    <ClInclude Include="..\ImGui\imgui_impl_dx11.h">
      <Filter>96. ImGuiMgr\ImGui</Filter>
    </ClInclude>
    <ClInclude Include="..\ImGui\imgui_impl_win32.h">
      <Filter>96. ImGuiMgr\ImGui</Filter>
    </ClInclude>
    <ClInclude Include="..\ImGui\imgui_internal.h">
      <Filter>96. ImGuiMgr\ImGui</Filter>
    </ClInclude>
    <ClInclude Include="..\ImGui\imstb_rectpack.h">
      <Filter>96. ImGuiMgr\ImGui</Filter>
    </ClInclude>
    <ClInclude Include="..\ImGui\imstb_textedit.h">
      <Filter>96. ImGuiMgr\ImGui</Filter>
    </ClInclude>
    <ClInclude Include="..\ImGui\imstb_truetype.h">
      <Filter>96. ImGuiMgr\ImGui</Filter>
    </ClInclude>
    <ClInclude Include="..\public\Obj_Tool.h">
      <Filter>96. ImGuiMgr\Tool\Obj_Tool</Filter>
    </ClInclude>
    <ClInclude Include="..\public\UI_Tool.h">
      <Filter>96. ImGuiMgr\Tool\UI_Tool</Filter>
    </ClInclude>
    <ClInclude Include="..\public\Anim_Tool.h">
      <Filter>96. ImGuiMgr\Tool\Anim_Tool</Filter>
    </ClInclude>
    <ClInclude Include="..\Public\Camera_Free.h">
      <Filter>02.GameObjects\Camera\Camera_Free</Filter>
    </ClInclude>
    <ClInclude Include="..\Public\Camera_Player.h">
      <Filter>02.GameObjects\Camera\Camera_Player</Filter>
    </ClInclude>
    <ClInclude Include="..\Public\Player.h">
      <Filter>02.GameObjects\00. Player</Filter>
    </ClInclude>
    <ClInclude Include="..\Public\Saber.h">
      <Filter>02.GameObjects\04. Weapon\00. Player\00. Saber</Filter>
    </ClInclude>
    <ClInclude Include="..\Public\Dagger.h">
      <Filter>02.GameObjects\04. Weapon\00. Player\01. Dagger</Filter>
    </ClInclude>
    <ClInclude Include="..\Public\Obj_NonAnim.h">
      <Filter>02.GameObjects\01. Obj\NonAnim_Obj</Filter>
    </ClInclude>
    <ClInclude Include="..\Public\Obj_Plus.h">
      <Filter>02.GameObjects\01. Obj</Filter>
    </ClInclude>
    <ClInclude Include="..\Public\Obj_Anim.h">
      <Filter>02.GameObjects\01. Obj\Anim_Obj</Filter>
    </ClInclude>
    <ClInclude Include="..\Public\Trail.h">
      <Filter>03. Component\03. VIBuffer\Trail</Filter>
    </ClInclude>
    <ClInclude Include="..\public\ReleaseMgr.h">
      <Filter>95. Manager\Release</Filter>
    </ClInclude>
    <ClInclude Include="..\Public\TerrainMgr.h">
      <Filter>95. Manager\Terrain</Filter>
    </ClInclude>
    <ClInclude Include="..\public\Texture_Tool.h">
      <Filter>96. ImGuiMgr\Tool\Texture_Tool</Filter>
    </ClInclude>
    <ClInclude Include="..\Public\Monster.h">
      <Filter>02.GameObjects\05. Monster</Filter>
    </ClInclude>
    <ClInclude Include="..\Public\Magician.h">
      <Filter>02.GameObjects\05. Monster\Magician</Filter>
    </ClInclude>
    <ClInclude Include="..\Public\Weapon.h">
      <Filter>02.GameObjects\04. Weapon</Filter>
    </ClInclude>
    <ClInclude Include="..\Public\Cane_Sword.h">
      <Filter>02.GameObjects\04. Weapon\01. Magician\01. Cane_Sword</Filter>
    </ClInclude>
    <ClInclude Include="..\Public\Cane.h">
      <Filter>02.GameObjects\04. Weapon\01. Magician\00. Cane</Filter>
    </ClInclude>
    <ClInclude Include="..\Public\Axe.h">
      <Filter>02.GameObjects\04. Weapon\00. Player\02. SkillWeapon\00. Axe</Filter>
    </ClInclude>
    <ClInclude Include="..\public\Client_Camere.h">
      <Filter>02.GameObjects\Camera</Filter>
    </ClInclude>
    <ClInclude Include="..\Public\Knife.h">
      <Filter>02.GameObjects\04. Weapon\00. Player\02. SkillWeapon\01. Knife</Filter>
    </ClInclude>
    <ClInclude Include="..\public\CameraMgr.h">
      <Filter>95. Manager\Camera</Filter>
    </ClInclude>
    <ClInclude Include="..\Bin\ShaderFiles\Client_Shader_Defines.hpp">
      <Filter>97.ShaderFiles</Filter>
    </ClInclude>
    <ClInclude Include="..\public\Dummy.h">
      <Filter>02.GameObjects\00. Player\Dummy</Filter>
    </ClInclude>
    <ClInclude Include="..\public\UI_Mgr.h">
      <Filter>02.GameObjects\03. UI\Mgr</Filter>
    </ClInclude>
    <ClInclude Include="..\Public\Status.h">
      <Filter>03. Component\01. Status</Filter>
    </ClInclude>
    <ClInclude Include="..\Public\Card.h">
      <Filter>02.GameObjects\04. Weapon\01. Magician\02. Card</Filter>
    </ClInclude>
    <ClInclude Include="..\public\Navigation_Tool.h">
      <Filter>96. ImGuiMgr\Tool\Navigation_Tool</Filter>
    </ClInclude>
    <ClInclude Include="..\Public\Stage_01.h">
      <Filter>02.GameObjects\Map\Stage_01</Filter>
    </ClInclude>
    <ClInclude Include="..\Public\Sky.h">
      <Filter>02.GameObjects\BackGround\Sky</Filter>
    </ClInclude>
    <ClInclude Include="..\Public\Level_Stage_02.h">
      <Filter>01.Levels\03.Stage_02</Filter>
    </ClInclude>
    <ClInclude Include="..\Public\Stage_02.h">
      <Filter>02.GameObjects\Map\Stage_02</Filter>
    </ClInclude>
    <ClInclude Include="..\Public\Stage_Last.h">
      <Filter>02.GameObjects\Map\Last_Stage</Filter>
    </ClInclude>
    <ClInclude Include="..\Public\Stage_Lobby.h">
      <Filter>02.GameObjects\Map\Lobby</Filter>
    </ClInclude>
    <ClInclude Include="..\Public\Level_Stage_Last.h">
      <Filter>01.Levels\04. Stage_Last</Filter>
    </ClInclude>
    <ClInclude Include="..\Public\Level_Stage_Lobby.h">
      <Filter>01.Levels\05. Stage_Lobby</Filter>
    </ClInclude>
    <ClInclude Include="..\public\UI_Targeting.h">
      <Filter>02.GameObjects\03. UI\Targeting</Filter>
    </ClInclude>
    <ClInclude Include="..\Public\Boss_Bat.h">
      <Filter>02.GameObjects\05. Monster\Bat</Filter>
    </ClInclude>
    <ClInclude Include="..\Public\Stage_02_1.h">
      <Filter>02.GameObjects\Map\Stage_02\Stage_02_1</Filter>
    </ClInclude>
    <ClInclude Include="..\Public\Level_Stage_02_1.h">
      <Filter>01.Levels\03.Stage_02\Stage_02_01</Filter>
    </ClInclude>
    <ClInclude Include="..\Public\MonsterAxe.h">
      <Filter>02.GameObjects\05. Monster\Extra\ExtraWeapon</Filter>
    </ClInclude>
    <ClInclude Include="..\public\UI_PlayerHpBar.h">
      <Filter>02.GameObjects\03. UI\HP_Bar\UI_PlayerHpBar</Filter>
    </ClInclude>
    <ClInclude Include="..\Public\UI_MonsterHpBar.h">
      <Filter>02.GameObjects\03. UI\HP_Bar\UI_MonsterHpBar</Filter>
    </ClInclude>
    <ClInclude Include="..\Public\Stage_Test.h">
      <Filter>01.Levels\04. Stage_Last\Test</Filter>
    </ClInclude>
    <ClInclude Include="..\Public\Puppet.h">
      <Filter>02.GameObjects\05. Monster\Puppet</Filter>
    </ClInclude>
    <ClInclude Include="..\public\StageMgr.h">
      <Filter>02.GameObjects\Map\Stage_02\Stage_02_1\StageMgr</Filter>
    </ClInclude>
    <ClInclude Include="..\Public\Camera_CutScene.h">
      <Filter>02.GameObjects\Camera\Camera_CutScene\End</Filter>
    </ClInclude>
    <ClInclude Include="..\Public\Camera_CutScene_Enter.h">
      <Filter>02.GameObjects\Camera\Camera_CutScene\Enter</Filter>
    </ClInclude>
    <ClInclude Include="..\Public\StreetLight.h">
      <Filter>02.GameObjects\06. Map_Obj\StreetLight</Filter>
    </ClInclude>
    <ClInclude Include="..\Public\Lamp.h">
      <Filter>02.GameObjects\06. Map_Obj\StreetLight\Lamp</Filter>
    </ClInclude>
    <ClInclude Include="..\Public\Extra01.h">
      <Filter>02.GameObjects\05. Monster\Extra\Extra01\Stage_2-1</Filter>
    </ClInclude>
    <ClInclude Include="..\Public\Extra02.h">
      <Filter>02.GameObjects\05. Monster\Extra\Extra02\Stage_2-1</Filter>
    </ClInclude>
    <ClInclude Include="..\Public\Extra01_Last.h">
      <Filter>02.GameObjects\05. Monster\Extra\Extra01\Stage_Last</Filter>
    </ClInclude>
    <ClInclude Include="..\Public\Extra02_Last.h">
      <Filter>02.GameObjects\05. Monster\Extra\Extra02\Stage_Last</Filter>
    </ClInclude>
  </ItemGroup>
  <ItemGroup>
    <ClCompile Include="Client.cpp">
      <Filter>98.Default</Filter>
    </ClCompile>
    <ClCompile Include="stdafx.cpp">
      <Filter>98.Default</Filter>
    </ClCompile>
    <ClCompile Include="..\Private\MainApp.cpp">
      <Filter>00.MainApp</Filter>
    </ClCompile>
    <ClCompile Include="..\Private\Level_GamePlay.cpp">
      <Filter>01.Levels\02.GamePlay</Filter>
    </ClCompile>
    <ClCompile Include="..\Private\Level_Loading.cpp">
      <Filter>01.Levels\00.Loading</Filter>
    </ClCompile>
    <ClCompile Include="..\Private\Level_Logo.cpp">
      <Filter>01.Levels\01.Logo</Filter>
    </ClCompile>
    <ClCompile Include="..\Private\Loader.cpp">
      <Filter>01.Levels\00.Loading\Loader</Filter>
    </ClCompile>
    <ClCompile Include="..\private\BackGround.cpp">
      <Filter>02.GameObjects\BackGround</Filter>
    </ClCompile>
    <ClCompile Include="..\Private\Terrain.cpp">
      <Filter>02.GameObjects\Map\Terrain</Filter>
    </ClCompile>
    <ClCompile Include="..\Private\ImGuiMgr.cpp">
      <Filter>96. ImGuiMgr</Filter>
    </ClCompile>
    <ClCompile Include="..\private\UI_Plus.cpp">
      <Filter>02.GameObjects\03. UI</Filter>
    </ClCompile>
    <ClCompile Include="..\Private\Level_Client.cpp">
      <Filter>01.Levels\99. Level_Client</Filter>
    </ClCompile>
    <ClCompile Include="..\ImGui\imgui.cpp">
      <Filter>96. ImGuiMgr\ImGui</Filter>
    </ClCompile>
    <ClCompile Include="..\ImGui\imgui_demo.cpp">
      <Filter>96. ImGuiMgr\ImGui</Filter>
    </ClCompile>
    <ClCompile Include="..\ImGui\imgui_draw.cpp">
      <Filter>96. ImGuiMgr\ImGui</Filter>
    </ClCompile>
    <ClCompile Include="..\ImGui\imgui_impl_dx11.cpp">
      <Filter>96. ImGuiMgr\ImGui</Filter>
    </ClCompile>
    <ClCompile Include="..\ImGui\imgui_impl_win32.cpp">
      <Filter>96. ImGuiMgr\ImGui</Filter>
    </ClCompile>
    <ClCompile Include="..\ImGui\imgui_tables.cpp">
      <Filter>96. ImGuiMgr\ImGui</Filter>
    </ClCompile>
    <ClCompile Include="..\ImGui\imgui_widgets.cpp">
      <Filter>96. ImGuiMgr\ImGui</Filter>
    </ClCompile>
    <ClCompile Include="..\private\UI_Tool.cpp">
      <Filter>96. ImGuiMgr\Tool\UI_Tool</Filter>
    </ClCompile>
    <ClCompile Include="..\private\Anim_Tool.cpp">
      <Filter>96. ImGuiMgr\Tool\Anim_Tool</Filter>
    </ClCompile>
    <ClCompile Include="..\Private\Camera_Free.cpp">
      <Filter>02.GameObjects\Camera\Camera_Free</Filter>
    </ClCompile>
    <ClCompile Include="..\Private\Camera_Player.cpp">
      <Filter>02.GameObjects\Camera\Camera_Player</Filter>
    </ClCompile>
    <ClCompile Include="..\Private\Player.cpp">
      <Filter>02.GameObjects\00. Player</Filter>
    </ClCompile>
    <ClCompile Include="..\Private\Saber.cpp">
      <Filter>02.GameObjects\04. Weapon\00. Player\00. Saber</Filter>
    </ClCompile>
    <ClCompile Include="..\Private\Dagger.cpp">
      <Filter>02.GameObjects\04. Weapon\00. Player\01. Dagger</Filter>
    </ClCompile>
    <ClCompile Include="..\Private\Obj_NonAnim.cpp">
      <Filter>02.GameObjects\01. Obj\NonAnim_Obj</Filter>
    </ClCompile>
    <ClCompile Include="..\Private\Obj_Plus.cpp">
      <Filter>02.GameObjects\01. Obj</Filter>
    </ClCompile>
    <ClCompile Include="..\Private\Obj_Anim.cpp">
      <Filter>02.GameObjects\01. Obj\Anim_Obj</Filter>
    </ClCompile>
    <ClCompile Include="..\private\Obj_Tool.cpp">
      <Filter>96. ImGuiMgr\Tool\Obj_Tool</Filter>
    </ClCompile>
    <ClCompile Include="..\Private\Trail.cpp">
      <Filter>03. Component\03. VIBuffer\Trail</Filter>
    </ClCompile>
    <ClCompile Include="..\private\ReleaseMgr.cpp">
      <Filter>95. Manager\Release</Filter>
    </ClCompile>
    <ClCompile Include="..\Private\TerrainMgr.cpp">
      <Filter>95. Manager\Terrain</Filter>
    </ClCompile>
    <ClCompile Include="..\private\Texture_Tool.cpp">
      <Filter>96. ImGuiMgr\Tool\Texture_Tool</Filter>
    </ClCompile>
    <ClCompile Include="..\private\Monster.cpp">
      <Filter>02.GameObjects\05. Monster</Filter>
    </ClCompile>
    <ClCompile Include="..\Private\Magician.cpp">
      <Filter>02.GameObjects\05. Monster\Magician</Filter>
    </ClCompile>
    <ClCompile Include="..\Private\Weapon.cpp">
      <Filter>02.GameObjects\04. Weapon</Filter>
    </ClCompile>
    <ClCompile Include="..\Private\Cane.cpp">
      <Filter>02.GameObjects\04. Weapon\01. Magician\00. Cane</Filter>
    </ClCompile>
    <ClCompile Include="..\Private\Cane_Sword.cpp">
      <Filter>02.GameObjects\04. Weapon\01. Magician\01. Cane_Sword</Filter>
    </ClCompile>
    <ClCompile Include="..\Private\Axe.cpp">
      <Filter>02.GameObjects\04. Weapon\00. Player\02. SkillWeapon\00. Axe</Filter>
    </ClCompile>
    <ClCompile Include="..\private\Client_Camere.cpp">
      <Filter>02.GameObjects\Camera</Filter>
    </ClCompile>
    <ClCompile Include="..\Private\Knife.cpp">
      <Filter>02.GameObjects\04. Weapon\00. Player\02. SkillWeapon\01. Knife</Filter>
    </ClCompile>
    <ClCompile Include="..\private\CameraMgr.cpp">
      <Filter>95. Manager\Camera</Filter>
    </ClCompile>
    <ClCompile Include="..\private\Dummy.cpp">
      <Filter>02.GameObjects\00. Player\Dummy</Filter>
    </ClCompile>
    <ClCompile Include="..\private\UI_Mgr.cpp">
      <Filter>02.GameObjects\03. UI\Mgr</Filter>
    </ClCompile>
    <ClCompile Include="..\Private\Status.cpp">
      <Filter>03. Component\01. Status</Filter>
    </ClCompile>
    <ClCompile Include="..\Private\Card.cpp">
      <Filter>02.GameObjects\04. Weapon\01. Magician\02. Card</Filter>
    </ClCompile>
    <ClCompile Include="..\private\Navigation_Tool.cpp">
      <Filter>96. ImGuiMgr\Tool\Navigation_Tool</Filter>
    </ClCompile>
    <ClCompile Include="..\Private\Stage_01.cpp">
      <Filter>02.GameObjects\Map\Stage_01</Filter>
    </ClCompile>
    <ClCompile Include="..\Private\Sky.cpp">
      <Filter>02.GameObjects\BackGround\Sky</Filter>
    </ClCompile>
    <ClCompile Include="..\Private\Level_Stage_02.cpp">
      <Filter>01.Levels\03.Stage_02</Filter>
    </ClCompile>
    <ClCompile Include="..\Private\Stage_02.cpp">
      <Filter>02.GameObjects\Map\Stage_02</Filter>
    </ClCompile>
    <ClCompile Include="..\Private\Stage_Last.cpp">
      <Filter>02.GameObjects\Map\Last_Stage</Filter>
    </ClCompile>
    <ClCompile Include="..\Private\Stage_Lobby.cpp">
      <Filter>02.GameObjects\Map\Lobby</Filter>
    </ClCompile>
    <ClCompile Include="..\Private\Level_Stage_Last.cpp">
      <Filter>01.Levels\04. Stage_Last</Filter>
    </ClCompile>
    <ClCompile Include="..\Private\Level_Stage_Lobby.cpp">
      <Filter>01.Levels\05. Stage_Lobby</Filter>
    </ClCompile>
    <ClCompile Include="..\private\UI_Targeting.cpp">
      <Filter>02.GameObjects\03. UI\Targeting</Filter>
    </ClCompile>
    <ClCompile Include="..\Private\Boss_Bat.cpp">
      <Filter>02.GameObjects\05. Monster\Bat</Filter>
    </ClCompile>
    <ClCompile Include="..\Private\Stage_02_1.cpp">
      <Filter>02.GameObjects\Map\Stage_02\Stage_02_1</Filter>
    </ClCompile>
    <ClCompile Include="..\Private\Level_Stage_02_1.cpp">
      <Filter>01.Levels\03.Stage_02\Stage_02_01</Filter>
    </ClCompile>
    <ClCompile Include="..\Private\MonsterAxe.cpp">
      <Filter>02.GameObjects\05. Monster\Extra\ExtraWeapon</Filter>
    </ClCompile>
    <ClCompile Include="..\private\UI_PlayerHpBar.cpp">
      <Filter>02.GameObjects\03. UI\HP_Bar\UI_PlayerHpBar</Filter>
    </ClCompile>
    <ClCompile Include="..\Private\UI_MonsterHpBar.cpp">
      <Filter>02.GameObjects\03. UI\HP_Bar\UI_MonsterHpBar</Filter>
    </ClCompile>
    <ClCompile Include="..\Private\Stage_Test.cpp">
      <Filter>01.Levels\04. Stage_Last\Test</Filter>
    </ClCompile>
    <ClCompile Include="..\Private\Puppet.cpp">
      <Filter>02.GameObjects\05. Monster\Puppet</Filter>
    </ClCompile>
    <ClCompile Include="..\private\StageMgr.cpp">
      <Filter>02.GameObjects\Map\Stage_02\Stage_02_1\StageMgr</Filter>
    </ClCompile>
    <ClCompile Include="..\Private\Camera_CutScene.cpp">
      <Filter>02.GameObjects\Camera\Camera_CutScene\End</Filter>
    </ClCompile>
    <ClCompile Include="..\Private\Camera_CutScene_Enter.cpp">
      <Filter>02.GameObjects\Camera\Camera_CutScene\Enter</Filter>
    </ClCompile>
    <ClCompile Include="..\Private\StreetLigth.cpp">
      <Filter>02.GameObjects\06. Map_Obj\StreetLight</Filter>
    </ClCompile>
    <ClCompile Include="..\Private\Lamp.cpp">
      <Filter>02.GameObjects\06. Map_Obj\StreetLight\Lamp</Filter>
    </ClCompile>
    <ClCompile Include="..\Private\Extra01.cpp">
      <Filter>02.GameObjects\05. Monster\Extra\Extra01\Stage_2-1</Filter>
    </ClCompile>
    <ClCompile Include="..\Private\Extra02.cpp">
      <Filter>02.GameObjects\05. Monster\Extra\Extra02\Stage_2-1</Filter>
    </ClCompile>
    <ClCompile Include="..\Private\Extra01_Last.cpp">
      <Filter>02.GameObjects\05. Monster\Extra\Extra01\Stage_Last</Filter>
    </ClCompile>
    <ClCompile Include="..\Private\Extra02_Last.cpp">
      <Filter>02.GameObjects\05. Monster\Extra\Extra02\Stage_Last</Filter>
    </ClCompile>
  </ItemGroup>
  <ItemGroup>
    <Image Include="Client.ico">
      <Filter>98.Default</Filter>
    </Image>
    <Image Include="small.ico">
      <Filter>98.Default</Filter>
    </Image>
  </ItemGroup>
  <ItemGroup>
    <ResourceCompile Include="Client.rc">
      <Filter>98.Default</Filter>
    </ResourceCompile>
  </ItemGroup>
  <ItemGroup>
    <FxCompile Include="..\Bin\ShaderFiles\Shader_VtxNorTex.hlsl">
      <Filter>97.ShaderFiles</Filter>
    </FxCompile>
    <FxCompile Include="..\Bin\ShaderFiles\Shader_VtxTex.hlsl">
      <Filter>97.ShaderFiles</Filter>
    </FxCompile>
    <FxCompile Include="..\Bin\ShaderFiles\Shader_VtxAnimModel.hlsl">
      <Filter>97.ShaderFiles</Filter>
    </FxCompile>
    <FxCompile Include="..\Bin\ShaderFiles\Shader_Trail.hlsl">
      <Filter>97.ShaderFiles</Filter>
    </FxCompile>
    <FxCompile Include="..\Bin\ShaderFiles\Shader_VtxModel.hlsl">
      <Filter>97.ShaderFiles</Filter>
    </FxCompile>
    <FxCompile Include="..\Bin\ShaderFiles\Shader_Point.hlsl">
      <Filter>97.ShaderFiles</Filter>
    </FxCompile>
  </ItemGroup>
</Project>